// !$*UTF8*$!
{
	archiveVersion = 1;
	classes = {
	};
	objectVersion = 56;
	objects = {

/* Begin PBXBuildFile section */
		357F8FFB2A260937009E7551 /* ScrumdingerApp.swift in Sources */ = {isa = PBXBuildFile; fileRef = 357F8FFA2A260937009E7551 /* ScrumdingerApp.swift */; };
		357F8FFD2A260937009E7551 /* MeetingView.swift in Sources */ = {isa = PBXBuildFile; fileRef = 357F8FFC2A260937009E7551 /* MeetingView.swift */; };
		357F8FFF2A26093A009E7551 /* Assets.xcassets in Resources */ = {isa = PBXBuildFile; fileRef = 357F8FFE2A26093A009E7551 /* Assets.xcassets */; };
		357F90022A26093A009E7551 /* Preview Assets.xcassets in Resources */ = {isa = PBXBuildFile; fileRef = 357F90012A26093A009E7551 /* Preview Assets.xcassets */; };
		357F900A2A260D83009E7551 /* Theme.swift in Sources */ = {isa = PBXBuildFile; fileRef = 357F90092A260D83009E7551 /* Theme.swift */; };
		357F900C2A260DC3009E7551 /* DailyScrum.swift in Sources */ = {isa = PBXBuildFile; fileRef = 357F900B2A260DC3009E7551 /* DailyScrum.swift */; };
		357F900E2A260E66009E7551 /* CardView.swift in Sources */ = {isa = PBXBuildFile; fileRef = 357F900D2A260E66009E7551 /* CardView.swift */; };
		357F90112A2613A1009E7551 /* TrailingIconLabelStyle.swift in Sources */ = {isa = PBXBuildFile; fileRef = 357F90102A2613A1009E7551 /* TrailingIconLabelStyle.swift */; };
		357F90142A2614DE009E7551 /* ScrumsView.swift in Sources */ = {isa = PBXBuildFile; fileRef = 357F90132A2614DE009E7551 /* ScrumsView.swift */; };
		357F90162A2639A3009E7551 /* DetailView.swift in Sources */ = {isa = PBXBuildFile; fileRef = 357F90152A2639A3009E7551 /* DetailView.swift */; };
		357F90182A263E8F009E7551 /* DetailEditView.swift in Sources */ = {isa = PBXBuildFile; fileRef = 357F90172A263E8F009E7551 /* DetailEditView.swift */; };
		357F901A2A264272009E7551 /* ThemeView.swift in Sources */ = {isa = PBXBuildFile; fileRef = 357F90192A264272009E7551 /* ThemeView.swift */; };
		357F901C2A26432F009E7551 /* ThemePicker.swift in Sources */ = {isa = PBXBuildFile; fileRef = 357F901B2A26432F009E7551 /* ThemePicker.swift */; };
		357F901E2A266A9C009E7551 /* MeetingHeaderView.swift in Sources */ = {isa = PBXBuildFile; fileRef = 357F901D2A266A9C009E7551 /* MeetingHeaderView.swift */; };
		357F90202A266AB9009E7551 /* MeetingFooterView.swift in Sources */ = {isa = PBXBuildFile; fileRef = 357F901F2A266AB9009E7551 /* MeetingFooterView.swift */; };
		357F90242A26737E009E7551 /* ScrumProgressViewStyle.swift in Sources */ = {isa = PBXBuildFile; fileRef = 357F90232A26737E009E7551 /* ScrumProgressViewStyle.swift */; };
		357F90262A26F3C4009E7551 /* ScrumTimer.swift in Sources */ = {isa = PBXBuildFile; fileRef = 357F90252A26F3C4009E7551 /* ScrumTimer.swift */; };
		357FA4FF2A286E7E0099AC2F /* AVPlayer+Ding.swift in Sources */ = {isa = PBXBuildFile; fileRef = 357FA4FE2A286E7D0099AC2F /* AVPlayer+Ding.swift */; };
		357FA5022A286EBA0099AC2F /* ding.wav in Resources */ = {isa = PBXBuildFile; fileRef = 357FA5012A286EBA0099AC2F /* ding.wav */; };
		357FA5042A287E850099AC2F /* NewScrumSheet.swift in Sources */ = {isa = PBXBuildFile; fileRef = 357FA5032A287E850099AC2F /* NewScrumSheet.swift */; };
		357FA5062A2881170099AC2F /* History.swift in Sources */ = {isa = PBXBuildFile; fileRef = 357FA5052A2881170099AC2F /* History.swift */; };
		357FA5082A28847E0099AC2F /* ScrumStore.swift in Sources */ = {isa = PBXBuildFile; fileRef = 357FA5072A28847E0099AC2F /* ScrumStore.swift */; };
		357FA50A2A288A080099AC2F /* ErrorWrapper.swift in Sources */ = {isa = PBXBuildFile; fileRef = 357FA5092A288A080099AC2F /* ErrorWrapper.swift */; };
		357FA50C2A288A600099AC2F /* ErrorView.swift in Sources */ = {isa = PBXBuildFile; fileRef = 357FA50B2A288A600099AC2F /* ErrorView.swift */; };
		357FA50E2A288FF70099AC2F /* MeetingTimerView.swift in Sources */ = {isa = PBXBuildFile; fileRef = 357FA50D2A288FF70099AC2F /* MeetingTimerView.swift */; };
		357FA5102A2891540099AC2F /* SpeakerArc.swift in Sources */ = {isa = PBXBuildFile; fileRef = 357FA50F2A2891540099AC2F /* SpeakerArc.swift */; };
		357FA5122A2893850099AC2F /* MeetingArc.swift in Sources */ = {isa = PBXBuildFile; fileRef = 357FA5112A2893850099AC2F /* MeetingArc.swift */; };
		357FA5142A2899B70099AC2F /* SpeechRecognizer.swift in Sources */ = {isa = PBXBuildFile; fileRef = 357FA5132A2899B70099AC2F /* SpeechRecognizer.swift */; };
		357FA5162A28B0CD0099AC2F /* HistoryView.swift in Sources */ = {isa = PBXBuildFile; fileRef = 357FA5152A28B0CD0099AC2F /* HistoryView.swift */; };
/* End PBXBuildFile section */

/* Begin PBXFileReference section */
		357F8FF72A260937009E7551 /* Scrumdinger.app */ = {isa = PBXFileReference; explicitFileType = wrapper.application; includeInIndex = 0; path = Scrumdinger.app; sourceTree = BUILT_PRODUCTS_DIR; };
		357F8FFA2A260937009E7551 /* ScrumdingerApp.swift */ = {isa = PBXFileReference; lastKnownFileType = sourcecode.swift; path = ScrumdingerApp.swift; sourceTree = "<group>"; };
		357F8FFC2A260937009E7551 /* MeetingView.swift */ = {isa = PBXFileReference; lastKnownFileType = sourcecode.swift; path = MeetingView.swift; sourceTree = "<group>"; };
		357F8FFE2A26093A009E7551 /* Assets.xcassets */ = {isa = PBXFileReference; lastKnownFileType = folder.assetcatalog; path = Assets.xcassets; sourceTree = "<group>"; };
		357F90012A26093A009E7551 /* Preview Assets.xcassets */ = {isa = PBXFileReference; lastKnownFileType = folder.assetcatalog; path = "Preview Assets.xcassets"; sourceTree = "<group>"; };
		357F90092A260D83009E7551 /* Theme.swift */ = {isa = PBXFileReference; lastKnownFileType = sourcecode.swift; path = Theme.swift; sourceTree = "<group>"; };
		357F900B2A260DC3009E7551 /* DailyScrum.swift */ = {isa = PBXFileReference; lastKnownFileType = sourcecode.swift; path = DailyScrum.swift; sourceTree = "<group>"; };
		357F900D2A260E66009E7551 /* CardView.swift */ = {isa = PBXFileReference; lastKnownFileType = sourcecode.swift; path = CardView.swift; sourceTree = "<group>"; };
		357F90102A2613A1009E7551 /* TrailingIconLabelStyle.swift */ = {isa = PBXFileReference; lastKnownFileType = sourcecode.swift; path = TrailingIconLabelStyle.swift; sourceTree = "<group>"; };
		357F90132A2614DE009E7551 /* ScrumsView.swift */ = {isa = PBXFileReference; lastKnownFileType = sourcecode.swift; path = ScrumsView.swift; sourceTree = "<group>"; };
		357F90152A2639A3009E7551 /* DetailView.swift */ = {isa = PBXFileReference; lastKnownFileType = sourcecode.swift; path = DetailView.swift; sourceTree = "<group>"; };
		357F90172A263E8F009E7551 /* DetailEditView.swift */ = {isa = PBXFileReference; lastKnownFileType = sourcecode.swift; path = DetailEditView.swift; sourceTree = "<group>"; };
		357F90192A264272009E7551 /* ThemeView.swift */ = {isa = PBXFileReference; lastKnownFileType = sourcecode.swift; path = ThemeView.swift; sourceTree = "<group>"; };
		357F901B2A26432F009E7551 /* ThemePicker.swift */ = {isa = PBXFileReference; lastKnownFileType = sourcecode.swift; path = ThemePicker.swift; sourceTree = "<group>"; };
		357F901D2A266A9C009E7551 /* MeetingHeaderView.swift */ = {isa = PBXFileReference; lastKnownFileType = sourcecode.swift; path = MeetingHeaderView.swift; sourceTree = "<group>"; };
		357F901F2A266AB9009E7551 /* MeetingFooterView.swift */ = {isa = PBXFileReference; lastKnownFileType = sourcecode.swift; path = MeetingFooterView.swift; sourceTree = "<group>"; };
		357F90232A26737E009E7551 /* ScrumProgressViewStyle.swift */ = {isa = PBXFileReference; fileEncoding = 4; lastKnownFileType = sourcecode.swift; name = ScrumProgressViewStyle.swift; path = ../../../../../../../Downloads/ManagingStateAndLifeCycle/StartingProject/Scrumdinger/Views/ScrumProgressViewStyle.swift; sourceTree = "<group>"; };
		357F90252A26F3C4009E7551 /* ScrumTimer.swift */ = {isa = PBXFileReference; lastKnownFileType = sourcecode.swift; path = ScrumTimer.swift; sourceTree = "<group>"; };
		357FA4FE2A286E7D0099AC2F /* AVPlayer+Ding.swift */ = {isa = PBXFileReference; fileEncoding = 4; lastKnownFileType = sourcecode.swift; path = "AVPlayer+Ding.swift"; sourceTree = "<group>"; };
		357FA5012A286EBA0099AC2F /* ding.wav */ = {isa = PBXFileReference; lastKnownFileType = audio.wav; path = ding.wav; sourceTree = "<group>"; };
		357FA5032A287E850099AC2F /* NewScrumSheet.swift */ = {isa = PBXFileReference; lastKnownFileType = sourcecode.swift; path = NewScrumSheet.swift; sourceTree = "<group>"; };
		357FA5052A2881170099AC2F /* History.swift */ = {isa = PBXFileReference; lastKnownFileType = sourcecode.swift; path = History.swift; sourceTree = "<group>"; };
		357FA5072A28847E0099AC2F /* ScrumStore.swift */ = {isa = PBXFileReference; lastKnownFileType = sourcecode.swift; path = ScrumStore.swift; sourceTree = "<group>"; };
		357FA5092A288A080099AC2F /* ErrorWrapper.swift */ = {isa = PBXFileReference; lastKnownFileType = sourcecode.swift; path = ErrorWrapper.swift; sourceTree = "<group>"; };
		357FA50B2A288A600099AC2F /* ErrorView.swift */ = {isa = PBXFileReference; lastKnownFileType = sourcecode.swift; path = ErrorView.swift; sourceTree = "<group>"; };
		357FA50D2A288FF70099AC2F /* MeetingTimerView.swift */ = {isa = PBXFileReference; lastKnownFileType = sourcecode.swift; path = MeetingTimerView.swift; sourceTree = "<group>"; };
		357FA50F2A2891540099AC2F /* SpeakerArc.swift */ = {isa = PBXFileReference; lastKnownFileType = sourcecode.swift; path = SpeakerArc.swift; sourceTree = "<group>"; };
		357FA5112A2893850099AC2F /* MeetingArc.swift */ = {isa = PBXFileReference; lastKnownFileType = sourcecode.swift; path = MeetingArc.swift; sourceTree = "<group>"; };
		357FA5132A2899B70099AC2F /* SpeechRecognizer.swift */ = {isa = PBXFileReference; lastKnownFileType = sourcecode.swift; path = SpeechRecognizer.swift; sourceTree = "<group>"; };
		357FA5152A28B0CD0099AC2F /* HistoryView.swift */ = {isa = PBXFileReference; lastKnownFileType = sourcecode.swift; path = HistoryView.swift; sourceTree = "<group>"; };
/* End PBXFileReference section */

/* Begin PBXFrameworksBuildPhase section */
		357F8FF42A260937009E7551 /* Frameworks */ = {
			isa = PBXFrameworksBuildPhase;
			buildActionMask = 2147483647;
			files = (
			);
			runOnlyForDeploymentPostprocessing = 0;
		};
/* End PBXFrameworksBuildPhase section */

/* Begin PBXGroup section */
		357F8FEE2A260936009E7551 = {
			isa = PBXGroup;
			children = (
				357F8FF92A260937009E7551 /* Scrumdinger */,
				357F8FF82A260937009E7551 /* Products */,
			);
			sourceTree = "<group>";
		};
		357F8FF82A260937009E7551 /* Products */ = {
			isa = PBXGroup;
			children = (
				357F8FF72A260937009E7551 /* Scrumdinger.app */,
			);
			name = Products;
			sourceTree = "<group>";
		};
		357F8FF92A260937009E7551 /* Scrumdinger */ = {
			isa = PBXGroup;
			children = (
				357FA5002A286EAA0099AC2F /* Resources */,
				357F90122A2614AB009E7551 /* Views */,
				357F900F2A261372009E7551 /* Components */,
				357F90082A260D63009E7551 /* Models */,
				357F8FFA2A260937009E7551 /* ScrumdingerApp.swift */,
				357F8FFE2A26093A009E7551 /* Assets.xcassets */,
				357F90002A26093A009E7551 /* Preview Content */,
			);
			path = Scrumdinger;
			sourceTree = "<group>";
		};
		357F90002A26093A009E7551 /* Preview Content */ = {
			isa = PBXGroup;
			children = (
				357F90012A26093A009E7551 /* Preview Assets.xcassets */,
			);
			path = "Preview Content";
			sourceTree = "<group>";
		};
		357F90082A260D63009E7551 /* Models */ = {
			isa = PBXGroup;
			children = (
				357F90092A260D83009E7551 /* Theme.swift */,
				357FA4FE2A286E7D0099AC2F /* AVPlayer+Ding.swift */,
				357F900B2A260DC3009E7551 /* DailyScrum.swift */,
				357F90252A26F3C4009E7551 /* ScrumTimer.swift */,
				357FA5052A2881170099AC2F /* History.swift */,
				357FA5072A28847E0099AC2F /* ScrumStore.swift */,
				357FA5092A288A080099AC2F /* ErrorWrapper.swift */,
				357FA5132A2899B70099AC2F /* SpeechRecognizer.swift */,
			);
			path = Models;
			sourceTree = "<group>";
		};
		357F900F2A261372009E7551 /* Components */ = {
			isa = PBXGroup;
			children = (
				357F90192A264272009E7551 /* ThemeView.swift */,
				357F90232A26737E009E7551 /* ScrumProgressViewStyle.swift */,
				357F90102A2613A1009E7551 /* TrailingIconLabelStyle.swift */,
				357F901B2A26432F009E7551 /* ThemePicker.swift */,
				357F901D2A266A9C009E7551 /* MeetingHeaderView.swift */,
				357F901F2A266AB9009E7551 /* MeetingFooterView.swift */,
				357FA50D2A288FF70099AC2F /* MeetingTimerView.swift */,
				357FA50F2A2891540099AC2F /* SpeakerArc.swift */,
				357FA5112A2893850099AC2F /* MeetingArc.swift */,
			);
			path = Components;
			sourceTree = "<group>";
		};
		357F90122A2614AB009E7551 /* Views */ = {
			isa = PBXGroup;
			children = (
				357F8FFC2A260937009E7551 /* MeetingView.swift */,
				357F900D2A260E66009E7551 /* CardView.swift */,
				357F90132A2614DE009E7551 /* ScrumsView.swift */,
				357F90152A2639A3009E7551 /* DetailView.swift */,
				357F90172A263E8F009E7551 /* DetailEditView.swift */,
				357FA5032A287E850099AC2F /* NewScrumSheet.swift */,
				357FA50B2A288A600099AC2F /* ErrorView.swift */,
				357FA5152A28B0CD0099AC2F /* HistoryView.swift */,
			);
			path = Views;
			sourceTree = "<group>";
		};
		357FA5002A286EAA0099AC2F /* Resources */ = {
			isa = PBXGroup;
			children = (
				357FA5012A286EBA0099AC2F /* ding.wav */,
			);
			path = Resources;
			sourceTree = "<group>";
		};
/* End PBXGroup section */

/* Begin PBXNativeTarget section */
		357F8FF62A260937009E7551 /* Scrumdinger */ = {
			isa = PBXNativeTarget;
			buildConfigurationList = 357F90052A26093A009E7551 /* Build configuration list for PBXNativeTarget "Scrumdinger" */;
			buildPhases = (
				357F8FF32A260937009E7551 /* Sources */,
				357F8FF42A260937009E7551 /* Frameworks */,
				357F8FF52A260937009E7551 /* Resources */,
			);
			buildRules = (
			);
			dependencies = (
			);
			name = Scrumdinger;
			productName = Scrumdinger;
			productReference = 357F8FF72A260937009E7551 /* Scrumdinger.app */;
			productType = "com.apple.product-type.application";
		};
/* End PBXNativeTarget section */

/* Begin PBXProject section */
		357F8FEF2A260937009E7551 /* Project object */ = {
			isa = PBXProject;
			attributes = {
				BuildIndependentTargetsInParallel = 1;
				LastSwiftUpdateCheck = 1420;
				LastUpgradeCheck = 1420;
				TargetAttributes = {
					357F8FF62A260937009E7551 = {
						CreatedOnToolsVersion = 14.2;
					};
				};
			};
			buildConfigurationList = 357F8FF22A260937009E7551 /* Build configuration list for PBXProject "Scrumdinger" */;
			compatibilityVersion = "Xcode 14.0";
			developmentRegion = en;
			hasScannedForEncodings = 0;
			knownRegions = (
				en,
				Base,
			);
			mainGroup = 357F8FEE2A260936009E7551;
			productRefGroup = 357F8FF82A260937009E7551 /* Products */;
			projectDirPath = "";
			projectRoot = "";
			targets = (
				357F8FF62A260937009E7551 /* Scrumdinger */,
			);
		};
/* End PBXProject section */

/* Begin PBXResourcesBuildPhase section */
		357F8FF52A260937009E7551 /* Resources */ = {
			isa = PBXResourcesBuildPhase;
			buildActionMask = 2147483647;
			files = (
				357FA5022A286EBA0099AC2F /* ding.wav in Resources */,
				357F90022A26093A009E7551 /* Preview Assets.xcassets in Resources */,
				357F8FFF2A26093A009E7551 /* Assets.xcassets in Resources */,
			);
			runOnlyForDeploymentPostprocessing = 0;
		};
/* End PBXResourcesBuildPhase section */

/* Begin PBXSourcesBuildPhase section */
		357F8FF32A260937009E7551 /* Sources */ = {
			isa = PBXSourcesBuildPhase;
			buildActionMask = 2147483647;
			files = (
				357FA5062A2881170099AC2F /* History.swift in Sources */,
				357F901C2A26432F009E7551 /* ThemePicker.swift in Sources */,
				357F900C2A260DC3009E7551 /* DailyScrum.swift in Sources */,
				357F90162A2639A3009E7551 /* DetailView.swift in Sources */,
				357FA5102A2891540099AC2F /* SpeakerArc.swift in Sources */,
				357FA50C2A288A600099AC2F /* ErrorView.swift in Sources */,
				357F901E2A266A9C009E7551 /* MeetingHeaderView.swift in Sources */,
				357FA50E2A288FF70099AC2F /* MeetingTimerView.swift in Sources */,
				357F90202A266AB9009E7551 /* MeetingFooterView.swift in Sources */,
				357FA5082A28847E0099AC2F /* ScrumStore.swift in Sources */,
				357FA5142A2899B70099AC2F /* SpeechRecognizer.swift in Sources */,
				357FA5122A2893850099AC2F /* MeetingArc.swift in Sources */,
				357F90182A263E8F009E7551 /* DetailEditView.swift in Sources */,
				357FA50A2A288A080099AC2F /* ErrorWrapper.swift in Sources */,
				357F90112A2613A1009E7551 /* TrailingIconLabelStyle.swift in Sources */,
				357F90242A26737E009E7551 /* ScrumProgressViewStyle.swift in Sources */,
				357FA5042A287E850099AC2F /* NewScrumSheet.swift in Sources */,
				357FA5162A28B0CD0099AC2F /* HistoryView.swift in Sources */,
				357F900A2A260D83009E7551 /* Theme.swift in Sources */,
				357F90262A26F3C4009E7551 /* ScrumTimer.swift in Sources */,
				357F90142A2614DE009E7551 /* ScrumsView.swift in Sources */,
				357F8FFD2A260937009E7551 /* MeetingView.swift in Sources */,
				357F8FFB2A260937009E7551 /* ScrumdingerApp.swift in Sources */,
				357F901A2A264272009E7551 /* ThemeView.swift in Sources */,
				357F900E2A260E66009E7551 /* CardView.swift in Sources */,
				357FA4FF2A286E7E0099AC2F /* AVPlayer+Ding.swift in Sources */,
			);
			runOnlyForDeploymentPostprocessing = 0;
		};
/* End PBXSourcesBuildPhase section */

/* Begin XCBuildConfiguration section */
		357F90032A26093A009E7551 /* Debug */ = {
			isa = XCBuildConfiguration;
			buildSettings = {
				ALWAYS_SEARCH_USER_PATHS = NO;
				CLANG_ANALYZER_NONNULL = YES;
				CLANG_ANALYZER_NUMBER_OBJECT_CONVERSION = YES_AGGRESSIVE;
				CLANG_CXX_LANGUAGE_STANDARD = "gnu++20";
				CLANG_ENABLE_MODULES = YES;
				CLANG_ENABLE_OBJC_ARC = YES;
				CLANG_ENABLE_OBJC_WEAK = YES;
				CLANG_WARN_BLOCK_CAPTURE_AUTORELEASING = YES;
				CLANG_WARN_BOOL_CONVERSION = YES;
				CLANG_WARN_COMMA = YES;
				CLANG_WARN_CONSTANT_CONVERSION = YES;
				CLANG_WARN_DEPRECATED_OBJC_IMPLEMENTATIONS = YES;
				CLANG_WARN_DIRECT_OBJC_ISA_USAGE = YES_ERROR;
				CLANG_WARN_DOCUMENTATION_COMMENTS = YES;
				CLANG_WARN_EMPTY_BODY = YES;
				CLANG_WARN_ENUM_CONVERSION = YES;
				CLANG_WARN_INFINITE_RECURSION = YES;
				CLANG_WARN_INT_CONVERSION = YES;
				CLANG_WARN_NON_LITERAL_NULL_CONVERSION = YES;
				CLANG_WARN_OBJC_IMPLICIT_RETAIN_SELF = YES;
				CLANG_WARN_OBJC_LITERAL_CONVERSION = YES;
				CLANG_WARN_OBJC_ROOT_CLASS = YES_ERROR;
				CLANG_WARN_QUOTED_INCLUDE_IN_FRAMEWORK_HEADER = YES;
				CLANG_WARN_RANGE_LOOP_ANALYSIS = YES;
				CLANG_WARN_STRICT_PROTOTYPES = YES;
				CLANG_WARN_SUSPICIOUS_MOVE = YES;
				CLANG_WARN_UNGUARDED_AVAILABILITY = YES_AGGRESSIVE;
				CLANG_WARN_UNREACHABLE_CODE = YES;
				CLANG_WARN__DUPLICATE_METHOD_MATCH = YES;
				COPY_PHASE_STRIP = NO;
				DEBUG_INFORMATION_FORMAT = dwarf;
				ENABLE_STRICT_OBJC_MSGSEND = YES;
				ENABLE_TESTABILITY = YES;
				GCC_C_LANGUAGE_STANDARD = gnu11;
				GCC_DYNAMIC_NO_PIC = NO;
				GCC_NO_COMMON_BLOCKS = YES;
				GCC_OPTIMIZATION_LEVEL = 0;
				GCC_PREPROCESSOR_DEFINITIONS = (
					"DEBUG=1",
					"$(inherited)",
				);
				GCC_WARN_64_TO_32_BIT_CONVERSION = YES;
				GCC_WARN_ABOUT_RETURN_TYPE = YES_ERROR;
				GCC_WARN_UNDECLARED_SELECTOR = YES;
				GCC_WARN_UNINITIALIZED_AUTOS = YES_AGGRESSIVE;
				GCC_WARN_UNUSED_FUNCTION = YES;
				GCC_WARN_UNUSED_VARIABLE = YES;
				IPHONEOS_DEPLOYMENT_TARGET = 16.2;
				MTL_ENABLE_DEBUG_INFO = INCLUDE_SOURCE;
				MTL_FAST_MATH = YES;
				ONLY_ACTIVE_ARCH = YES;
				SDKROOT = iphoneos;
				SWIFT_ACTIVE_COMPILATION_CONDITIONS = DEBUG;
				SWIFT_OPTIMIZATION_LEVEL = "-Onone";
			};
			name = Debug;
		};
		357F90042A26093A009E7551 /* Release */ = {
			isa = XCBuildConfiguration;
			buildSettings = {
				ALWAYS_SEARCH_USER_PATHS = NO;
				CLANG_ANALYZER_NONNULL = YES;
				CLANG_ANALYZER_NUMBER_OBJECT_CONVERSION = YES_AGGRESSIVE;
				CLANG_CXX_LANGUAGE_STANDARD = "gnu++20";
				CLANG_ENABLE_MODULES = YES;
				CLANG_ENABLE_OBJC_ARC = YES;
				CLANG_ENABLE_OBJC_WEAK = YES;
				CLANG_WARN_BLOCK_CAPTURE_AUTORELEASING = YES;
				CLANG_WARN_BOOL_CONVERSION = YES;
				CLANG_WARN_COMMA = YES;
				CLANG_WARN_CONSTANT_CONVERSION = YES;
				CLANG_WARN_DEPRECATED_OBJC_IMPLEMENTATIONS = YES;
				CLANG_WARN_DIRECT_OBJC_ISA_USAGE = YES_ERROR;
				CLANG_WARN_DOCUMENTATION_COMMENTS = YES;
				CLANG_WARN_EMPTY_BODY = YES;
				CLANG_WARN_ENUM_CONVERSION = YES;
				CLANG_WARN_INFINITE_RECURSION = YES;
				CLANG_WARN_INT_CONVERSION = YES;
				CLANG_WARN_NON_LITERAL_NULL_CONVERSION = YES;
				CLANG_WARN_OBJC_IMPLICIT_RETAIN_SELF = YES;
				CLANG_WARN_OBJC_LITERAL_CONVERSION = YES;
				CLANG_WARN_OBJC_ROOT_CLASS = YES_ERROR;
				CLANG_WARN_QUOTED_INCLUDE_IN_FRAMEWORK_HEADER = YES;
				CLANG_WARN_RANGE_LOOP_ANALYSIS = YES;
				CLANG_WARN_STRICT_PROTOTYPES = YES;
				CLANG_WARN_SUSPICIOUS_MOVE = YES;
				CLANG_WARN_UNGUARDED_AVAILABILITY = YES_AGGRESSIVE;
				CLANG_WARN_UNREACHABLE_CODE = YES;
				CLANG_WARN__DUPLICATE_METHOD_MATCH = YES;
				COPY_PHASE_STRIP = NO;
				DEBUG_INFORMATION_FORMAT = "dwarf-with-dsym";
				ENABLE_NS_ASSERTIONS = NO;
				ENABLE_STRICT_OBJC_MSGSEND = YES;
				GCC_C_LANGUAGE_STANDARD = gnu11;
				GCC_NO_COMMON_BLOCKS = YES;
				GCC_WARN_64_TO_32_BIT_CONVERSION = YES;
				GCC_WARN_ABOUT_RETURN_TYPE = YES_ERROR;
				GCC_WARN_UNDECLARED_SELECTOR = YES;
				GCC_WARN_UNINITIALIZED_AUTOS = YES_AGGRESSIVE;
				GCC_WARN_UNUSED_FUNCTION = YES;
				GCC_WARN_UNUSED_VARIABLE = YES;
				IPHONEOS_DEPLOYMENT_TARGET = 16.2;
				MTL_ENABLE_DEBUG_INFO = NO;
				MTL_FAST_MATH = YES;
				SDKROOT = iphoneos;
				SWIFT_COMPILATION_MODE = wholemodule;
				SWIFT_OPTIMIZATION_LEVEL = "-O";
				VALIDATE_PRODUCT = YES;
			};
			name = Release;
		};
		357F90062A26093A009E7551 /* Debug */ = {
			isa = XCBuildConfiguration;
			buildSettings = {
				ASSETCATALOG_COMPILER_APPICON_NAME = AppIcon;
				ASSETCATALOG_COMPILER_GLOBAL_ACCENT_COLOR_NAME = AccentColor;
				CODE_SIGN_STYLE = Automatic;
				CURRENT_PROJECT_VERSION = 1;
				DEVELOPMENT_ASSET_PATHS = "\"Scrumdinger/Preview Content\"";
				DEVELOPMENT_TEAM = JVR64PHHU5;
				ENABLE_PREVIEWS = YES;
				GENERATE_INFOPLIST_FILE = YES;
				INFOPLIST_KEY_NSMicrophoneUsageDescription = "Audio is recorded to transcribe the meeting. Audio recordings are discarded after transcription.";
				INFOPLIST_KEY_NSSpeechRecognitionUsageDescription = "You can view a text transcription of your meeting in the app.";
				INFOPLIST_KEY_UIApplicationSceneManifest_Generation = YES;
				INFOPLIST_KEY_UIApplicationSupportsIndirectInputEvents = YES;
				INFOPLIST_KEY_UILaunchScreen_Generation = YES;
				INFOPLIST_KEY_UISupportedInterfaceOrientations_iPad = "UIInterfaceOrientationPortrait UIInterfaceOrientationPortraitUpsideDown UIInterfaceOrientationLandscapeLeft UIInterfaceOrientationLandscapeRight";
				INFOPLIST_KEY_UISupportedInterfaceOrientations_iPhone = "UIInterfaceOrientationPortrait UIInterfaceOrientationLandscapeLeft UIInterfaceOrientationLandscapeRight";
				LD_RUNPATH_SEARCH_PATHS = (
					"$(inherited)",
					"@executable_path/Frameworks",
				);
				MARKETING_VERSION = 1.0;
				PRODUCT_BUNDLE_IDENTIFIER = drellimal2.github.io.Scrumdinger;
				PRODUCT_NAME = "$(TARGET_NAME)";
				SWIFT_EMIT_LOC_STRINGS = YES;
				SWIFT_VERSION = 5.0;
				TARGETED_DEVICE_FAMILY = "1,2";
			};
			name = Debug;
		};
		357F90072A26093A009E7551 /* Release */ = {
			isa = XCBuildConfiguration;
			buildSettings = {
				ASSETCATALOG_COMPILER_APPICON_NAME = AppIcon;
				ASSETCATALOG_COMPILER_GLOBAL_ACCENT_COLOR_NAME = AccentColor;
				CODE_SIGN_STYLE = Automatic;
				CURRENT_PROJECT_VERSION = 1;
				DEVELOPMENT_ASSET_PATHS = "\"Scrumdinger/Preview Content\"";
				DEVELOPMENT_TEAM = JVR64PHHU5;
				ENABLE_PREVIEWS = YES;
				GENERATE_INFOPLIST_FILE = YES;
				INFOPLIST_KEY_NSMicrophoneUsageDescription = "Audio is recorded to transcribe the meeting. Audio recordings are discarded after transcription.";
				INFOPLIST_KEY_NSSpeechRecognitionUsageDescription = "You can view a text transcription of your meeting in the app.";
				INFOPLIST_KEY_UIApplicationSceneManifest_Generation = YES;
				INFOPLIST_KEY_UIApplicationSupportsIndirectInputEvents = YES;
				INFOPLIST_KEY_UILaunchScreen_Generation = YES;
				INFOPLIST_KEY_UISupportedInterfaceOrientations_iPad = "UIInterfaceOrientationPortrait UIInterfaceOrientationPortraitUpsideDown UIInterfaceOrientationLandscapeLeft UIInterfaceOrientationLandscapeRight";
				INFOPLIST_KEY_UISupportedInterfaceOrientations_iPhone = "UIInterfaceOrientationPortrait UIInterfaceOrientationLandscapeLeft UIInterfaceOrientationLandscapeRight";
				LD_RUNPATH_SEARCH_PATHS = (
					"$(inherited)",
					"@executable_path/Frameworks",
				);
				MARKETING_VERSION = 1.0;
				PRODUCT_BUNDLE_IDENTIFIER = drellimal2.github.io.Scrumdinger;
				PRODUCT_NAME = "$(TARGET_NAME)";
				SWIFT_EMIT_LOC_STRINGS = YES;
				SWIFT_VERSION = 5.0;
				TARGETED_DEVICE_FAMILY = "1,2";
			};
			name = Release;
		};
/* End XCBuildConfiguration section */

/* Begin XCConfigurationList section */
		357F8FF22A260937009E7551 /* Build configuration list for PBXProject "Scrumdinger" */ = {
			isa = XCConfigurationList;
			buildConfigurations = (
				357F90032A26093A009E7551 /* Debug */,
				357F90042A26093A009E7551 /* Release */,
			);
			defaultConfigurationIsVisible = 0;
			defaultConfigurationName = Release;
		};
		357F90052A26093A009E7551 /* Build configuration list for PBXNativeTarget "Scrumdinger" */ = {
			isa = XCConfigurationList;
			buildConfigurations = (
				357F90062A26093A009E7551 /* Debug */,
				357F90072A26093A009E7551 /* Release */,
			);
			defaultConfigurationIsVisible = 0;
			defaultConfigurationName = Release;
		};
/* End XCConfigurationList section */
	};
	rootObject = 357F8FEF2A260937009E7551 /* Project object */;
}
